
Microsoft Visual Studio Solution File, Format Version 12.00
# Visual Studio Version 17
VisualStudioVersion = 17.14.36511.14 d17.14
MinimumVisualStudioVersion = 10.0.40219.1
Project("{FAE04EC0-301F-11D3-BF4B-00C04F79EFBC}") = "DPA.Practicando.API", "DPA.Practicando.API\DPA.Practicando.API.csproj", "{3291FAC4-541A-4F49-A532-E07BE836A176}"
EndProject
Project("{FAE04EC0-301F-11D3-BF4B-00C04F79EFBC}") = "DPA.Practicando.DOMAIN", "DPA.Practicando.DOMAIN\DPA.Practicando.DOMAIN.csproj", "{F4369342-D8BA-445E-8324-8ABBF4625FB7}"
EndProject
Global
	GlobalSection(SolutionConfigurationPlatforms) = preSolution
		Debug|Any CPU = Debug|Any CPU
		Release|Any CPU = Release|Any CPU
	EndGlobalSection
	GlobalSection(ProjectConfigurationPlatforms) = postSolution
		{3291FAC4-541A-4F49-A532-E07BE836A176}.Debug|Any CPU.ActiveCfg = Debug|Any CPU
		{3291FAC4-541A-4F49-A532-E07BE836A176}.Debug|Any CPU.Build.0 = Debug|Any CPU
		{3291FAC4-541A-4F49-A532-E07BE836A176}.Release|Any CPU.ActiveCfg = Release|Any CPU
		{3291FAC4-541A-4F49-A532-E07BE836A176}.Release|Any CPU.Build.0 = Release|Any CPU
		{F4369342-D8BA-445E-8324-8ABBF4625FB7}.Debug|Any CPU.ActiveCfg = Debug|Any CPU
		{F4369342-D8BA-445E-8324-8ABBF4625FB7}.Debug|Any CPU.Build.0 = Debug|Any CPU
		{F4369342-D8BA-445E-8324-8ABBF4625FB7}.Release|Any CPU.ActiveCfg = Release|Any CPU
		{F4369342-D8BA-445E-8324-8ABBF4625FB7}.Release|Any CPU.Build.0 = Release|Any CPU
	EndGlobalSection
	GlobalSection(SolutionProperties) = preSolution
		HideSolutionNode = FALSE
	EndGlobalSection
	GlobalSection(ExtensibilityGlobals) = postSolution
		SolutionGuid = {664E1282-EAE6-49C7-951F-39919045D4E1}
	EndGlobalSection
EndGlobal
